
Microsoft Visual Studio Solution File, Format Version 12.00
# Visual Studio Version 16
VisualStudioVersion = 16.0.31624.102
MinimumVisualStudioVersion = 10.0.40219.1
Project("{FAE04EC0-301F-11D3-BF4B-00C04F79EFBC}") = "TreeRename", "TreeRename\TreeRename.csproj", "{94CD6E12-66F5-4218-8257-3A6AB3B28541}"
EndProject
Global
	GlobalSection(SolutionConfigurationPlatforms) = preSolution
		Debug|Any CPU = Debug|Any CPU
		Release|Any CPU = Release|Any CPU
	EndGlobalSection
	GlobalSection(ProjectConfigurationPlatforms) = postSolution
		{94CD6E12-66F5-4218-8257-3A6AB3B28541}.Debug|Any CPU.ActiveCfg = Debug|Any CPU
		{94CD6E12-66F5-4218-8257-3A6AB3B28541}.Debug|Any CPU.Build.0 = Debug|Any CPU
		{94CD6E12-66F5-4218-8257-3A6AB3B28541}.Release|Any CPU.ActiveCfg = Release|Any CPU
		{94CD6E12-66F5-4218-8257-3A6AB3B28541}.Release|Any CPU.Build.0 = Release|Any CPU
	EndGlobalSection
	GlobalSection(SolutionProperties) = preSolution
		HideSolutionNode = FALSE
	EndGlobalSection
	GlobalSection(ExtensibilityGlobals) = postSolution
		SolutionGuid = {A0DE171A-9A67-453E-AB58-5CEC93CE628B}
	EndGlobalSection
EndGlobal
